{
  "name": "whatscanner",
  "lockfileVersion": 3,
  "requires": true,
  "packages": {
    "": {
      "dependencies": {
        "dexie": "^4.2.1"
      }
    },
    "node_modules/dexie": {
      "version": "4.2.1",
      "resolved": "https://registry.npmjs.org/dexie/-/dexie-4.2.1.tgz",
      "integrity": "sha512-Ckej0NS6jxQ4Po3OrSQBFddayRhTCic2DoCAG5zacOfOVB9P2Q5Xc5uL/nVa7ZVs+HdMnvUPzLFCB/JwpB6Csg=="
    }
  }
}
